{
  "name": "rotowiki",
  "version": "1.0.0",
  "lockfileVersion": 1,
  "requires": true,
  "dependencies": {
    "@types/react": {
      "version": "16.0.28",
      "resolved": "https://registry.npmjs.org/@types/react/-/react-16.0.28.tgz",
      "integrity": "sha512-9YQ0JjVVoEfMCfapSpsSZY8RjgUygSac7Lb8S27OVPxAMSTdUZp3likCFmVhSHbSQfoLp83EiJD2y+voAf2HvQ=="
    },
    "@types/react-bootstrap": {
      "version": "0.31.8",
      "resolved": "https://registry.npmjs.org/@types/react-bootstrap/-/react-bootstrap-0.31.8.tgz",
      "integrity": "sha512-9enbpp53+Rwk6B3Siw/YVM5MM2Uwk/tOQgWLHeeJ9WIqBymnannBuCa4j8KLvGzsdlNEwNArNIkso6XOb5xBMg==",
      "requires": {
        "@types/react": "16.0.28"
      }
    }
  }
}
